
Microsoft Visual Studio Solution File, Format Version 12.00
# Visual Studio Version 17
VisualStudioVersion = 17.4.33103.184
MinimumVisualStudioVersion = 10.0.40219.1
Project("{FAE04EC0-301F-11D3-BF4B-00C04F79EFBC}") = "AM_DanceStudio", "AM_DanceStudio\AM_DanceStudio.csproj", "{B5631E90-3937-455A-92B9-0B7405AD2D72}"
EndProject
Global
	GlobalSection(SolutionConfigurationPlatforms) = preSolution
		Debug|Any CPU = Debug|Any CPU
		Release|Any CPU = Release|Any CPU
	EndGlobalSection
	GlobalSection(ProjectConfigurationPlatforms) = postSolution
		{B5631E90-3937-455A-92B9-0B7405AD2D72}.Debug|Any CPU.ActiveCfg = Debug|Any CPU
		{B5631E90-3937-455A-92B9-0B7405AD2D72}.Debug|Any CPU.Build.0 = Debug|Any CPU
		{B5631E90-3937-455A-92B9-0B7405AD2D72}.Release|Any CPU.ActiveCfg = Release|Any CPU
		{B5631E90-3937-455A-92B9-0B7405AD2D72}.Release|Any CPU.Build.0 = Release|Any CPU
	EndGlobalSection
	GlobalSection(SolutionProperties) = preSolution
		HideSolutionNode = FALSE
	EndGlobalSection
	GlobalSection(ExtensibilityGlobals) = postSolution
		SolutionGuid = {A7C068EF-B079-476F-BF0B-5A369E0FBD91}
	EndGlobalSection
EndGlobal
